
Microsoft Visual Studio Solution File, Format Version 12.00
# Visual Studio Version 17
VisualStudioVersion = 17.10.35013.160
MinimumVisualStudioVersion = 10.0.40219.1
Project("{FAE04EC0-301F-11D3-BF4B-00C04F79EFBC}") = "LeetCodeSolutions", "LeetCodeSolutions\LeetCodeSolutions.csproj", "{06631893-8A14-4531-92AB-75AEFC8CA9D1}"
EndProject
Global
	GlobalSection(SolutionConfigurationPlatforms) = preSolution
		Debug|Any CPU = Debug|Any CPU
		Release|Any CPU = Release|Any CPU
	EndGlobalSection
	GlobalSection(ProjectConfigurationPlatforms) = postSolution
		{06631893-8A14-4531-92AB-75AEFC8CA9D1}.Debug|Any CPU.ActiveCfg = Debug|Any CPU
		{06631893-8A14-4531-92AB-75AEFC8CA9D1}.Debug|Any CPU.Build.0 = Debug|Any CPU
		{06631893-8A14-4531-92AB-75AEFC8CA9D1}.Release|Any CPU.ActiveCfg = Release|Any CPU
		{06631893-8A14-4531-92AB-75AEFC8CA9D1}.Release|Any CPU.Build.0 = Release|Any CPU
	EndGlobalSection
	GlobalSection(SolutionProperties) = preSolution
		HideSolutionNode = FALSE
	EndGlobalSection
	GlobalSection(ExtensibilityGlobals) = postSolution
		SolutionGuid = {79FE6B41-88B8-4D43-8EF5-D0C0A1C034D0}
	EndGlobalSection
EndGlobal
